version = 1
revision = 3
requires-python = ">=3.13"

[[package]]
name = "jpg-to-jxl"
source = { virtual = "." }
dependencies = [
    { name = "wand" },
]

[package.metadata]
requires-dist = [{ name = "wand", specifier = ">=0.6.13" }]

[[package]]
name = "wand"
version = "0.7.1"
source = { registry = "https://pypi.org/simple" }
sdist = { url = "https://files.pythonhosted.org/packages/aa/67/7080334ae89d82bdc2eb9b10c207b509a84e209dadf6ebaa827f9c74e4ce/wand-0.7.1.tar.gz", hash = "sha256:2325eae60fb21b88e293d5ec8dcdedf2644a0c00eb75024c9b47975e1e902e80", size = 11889653, upload-time = "2026-05-20T14:57:37.45Z" }
wheels = [
    { url = "https://files.pythonhosted.org/packages/66/60/ca84d0e7937d0fa62e338e2ea3b69e99bdb01f337b6e88b561e12cc40dca/wand-0.7.1-py3-none-any.whl", hash = "sha256:2c0d611c76b88c8947ad79b8d1ab994388ae6c8b795e54c0e46af431c84b81e4", size = 144976, upload-time = "2026-05-20T14:57:50.475Z" },
]
